
Microsoft Visual Studio Solution File, Format Version 12.00
# Visual Studio Version 17
VisualStudioVersion = 17.6.33829.357
MinimumVisualStudioVersion = 10.0.40219.1
Project("{FAE04EC0-301F-11D3-BF4B-00C04F79EFBC}") = "App_Register", "App_Register\App_Register.csproj", "{95F4C914-EE2C-4983-A495-2395C6B86660}"
EndProject
Global
	GlobalSection(SolutionConfigurationPlatforms) = preSolution
		Debug|Any CPU = Debug|Any CPU
		Release|Any CPU = Release|Any CPU
	EndGlobalSection
	GlobalSection(ProjectConfigurationPlatforms) = postSolution
		{95F4C914-EE2C-4983-A495-2395C6B86660}.Debug|Any CPU.ActiveCfg = Debug|Any CPU
		{95F4C914-EE2C-4983-A495-2395C6B86660}.Debug|Any CPU.Build.0 = Debug|Any CPU
		{95F4C914-EE2C-4983-A495-2395C6B86660}.Release|Any CPU.ActiveCfg = Release|Any CPU
		{95F4C914-EE2C-4983-A495-2395C6B86660}.Release|Any CPU.Build.0 = Release|Any CPU
	EndGlobalSection
	GlobalSection(SolutionProperties) = preSolution
		HideSolutionNode = FALSE
	EndGlobalSection
	GlobalSection(ExtensibilityGlobals) = postSolution
		SolutionGuid = {0182C610-4635-4500-8B48-82E240A4EA53}
	EndGlobalSection
EndGlobal
